// !$*UTF8*$!
{
	archiveVersion = 1;
	classes = {
	};
	objectVersion = 55;
	objects = {

/* Begin PBXBuildFile section */
		1C0AB6F127B6F91500D8B8BD /* Clock.swift in Sources */ = {isa = PBXBuildFile; fileRef = 1C0AB6F027B6F91500D8B8BD /* Clock.swift */; };
		1C0C69D427BE6FC200CF288E /* PaymentModal.swift in Sources */ = {isa = PBXBuildFile; fileRef = 1C0C69D227BE6FC200CF288E /* PaymentModal.swift */; };
		1C0EB66C27E4C10D00EE7B29 /* CellSize.swift in Sources */ = {isa = PBXBuildFile; fileRef = 1C0EB66B27E4C10D00EE7B29 /* CellSize.swift */; };
		1C0EB67027E4D19F00EE7B29 /* MotorcycleLogItemTableViewCell.swift in Sources */ = {isa = PBXBuildFile; fileRef = 1C0EB66F27E4D19F00EE7B29 /* MotorcycleLogItemTableViewCell.swift */; };
		1C0EB67227E4D1C300EE7B29 /* CarLogItemTableViewCell.swift in Sources */ = {isa = PBXBuildFile; fileRef = 1C0EB67127E4D1C300EE7B29 /* CarLogItemTableViewCell.swift */; };
		1C1732C527BBF34B00B3350F /* Date.swift in Sources */ = {isa = PBXBuildFile; fileRef = 1C1732C427BBF34B00B3350F /* Date.swift */; };
		1C1732C727BC447D00B3350F /* BaseController.swift in Sources */ = {isa = PBXBuildFile; fileRef = 1C1732C627BC447D00B3350F /* BaseController.swift */; };
		1C1732CA27BC4C9D00B3350F /* VehicleCollectionViewCell.swift in Sources */ = {isa = PBXBuildFile; fileRef = 1C1732C827BC4C9D00B3350F /* VehicleCollectionViewCell.swift */; };
		1C1732D027BC4EB200B3350F /* Vehicle.swift in Sources */ = {isa = PBXBuildFile; fileRef = 1C1732CF27BC4EB200B3350F /* Vehicle.swift */; };
		1C1732E427BC822000B3350F /* Motorcycle.swift in Sources */ = {isa = PBXBuildFile; fileRef = 1C1732E327BC822000B3350F /* Motorcycle.swift */; };
		1C1732E627BC831C00B3350F /* Car.swift in Sources */ = {isa = PBXBuildFile; fileRef = 1C1732E527BC831C00B3350F /* Car.swift */; };
		1C1732F027BC9F1400B3350F /* PresentationErrors.swift in Sources */ = {isa = PBXBuildFile; fileRef = 1C1732EF27BC9F1400B3350F /* PresentationErrors.swift */; };
		1C1732F227BCA27400B3350F /* Error.swift in Sources */ = {isa = PBXBuildFile; fileRef = 1C1732F127BCA27400B3350F /* Error.swift */; };
		1C17331827BCBC0600B3350F /* VehicleTypeElements.swift in Sources */ = {isa = PBXBuildFile; fileRef = 1C17331727BCBC0600B3350F /* VehicleTypeElements.swift */; };
		1C17331C27BCC4F600B3350F /* Infrastructure.framework in Frameworks */ = {isa = PBXBuildFile; fileRef = 1C17331B27BCC4F600B3350F /* Infrastructure.framework */; };
		1C17331D27BCC4F600B3350F /* Infrastructure.framework in Embed Frameworks */ = {isa = PBXBuildFile; fileRef = 1C17331B27BCC4F600B3350F /* Infrastructure.framework */; settings = {ATTRIBUTES = (CodeSignOnCopy, RemoveHeadersOnCopy, ); }; };
		1C180CA727E3F3360011CE6F /* MotorcyclePaymentModal.swift in Sources */ = {isa = PBXBuildFile; fileRef = 1C180CA627E3F3360011CE6F /* MotorcyclePaymentModal.swift */; };
		1C180CA927E3F3620011CE6F /* CarPaymentModal.swift in Sources */ = {isa = PBXBuildFile; fileRef = 1C180CA827E3F3620011CE6F /* CarPaymentModal.swift */; };
		1C180CAB27E3FACB0011CE6F /* String.swift in Sources */ = {isa = PBXBuildFile; fileRef = 1C180CAA27E3FACB0011CE6F /* String.swift */; };
		1C2ADB9527E13B8500492106 /* AddCarModal.swift in Sources */ = {isa = PBXBuildFile; fileRef = 1C2ADB9327E13B8500492106 /* AddCarModal.swift */; };
		1C2ADB9827E13E3900492106 /* AddVehicleModal.swift in Sources */ = {isa = PBXBuildFile; fileRef = 1C2ADB9727E13E3900492106 /* AddVehicleModal.swift */; };
		1C2E212227BD1A6900BCBBFE /* VehicleVisibleTranslator.swift in Sources */ = {isa = PBXBuildFile; fileRef = 1C2E211F27BD1A6900BCBBFE /* VehicleVisibleTranslator.swift */; };
		1C2E212327BD1A6900BCBBFE /* MotorcycleVisibleTranslator.swift in Sources */ = {isa = PBXBuildFile; fileRef = 1C2E212027BD1A6900BCBBFE /* MotorcycleVisibleTranslator.swift */; };
		1C2E212427BD1A6900BCBBFE /* CarVisibleTranslator.swift in Sources */ = {isa = PBXBuildFile; fileRef = 1C2E212127BD1A6900BCBBFE /* CarVisibleTranslator.swift */; };
		1C2E212B27BD805600BCBBFE /* AddMotorcycleModal.swift in Sources */ = {isa = PBXBuildFile; fileRef = 1C2E212927BD805600BCBBFE /* AddMotorcycleModal.swift */; };
		1C2E213627BDAB1400BCBBFE /* LogHistoryPresenter.swift in Sources */ = {isa = PBXBuildFile; fileRef = 1C2E213127BDAB1400BCBBFE /* LogHistoryPresenter.swift */; };
		1C2E213727BDAB1400BCBBFE /* LogHistoryProtocols.swift in Sources */ = {isa = PBXBuildFile; fileRef = 1C2E213227BDAB1400BCBBFE /* LogHistoryProtocols.swift */; };
		1C2E213827BDAB1400BCBBFE /* LogHistoryInteractor.swift in Sources */ = {isa = PBXBuildFile; fileRef = 1C2E213327BDAB1400BCBBFE /* LogHistoryInteractor.swift */; };
		1C2E213927BDAB1400BCBBFE /* LogHistoryView.swift in Sources */ = {isa = PBXBuildFile; fileRef = 1C2E213427BDAB1400BCBBFE /* LogHistoryView.swift */; };
		1C2E213A27BDAB1400BCBBFE /* LogHistoryRouter.swift in Sources */ = {isa = PBXBuildFile; fileRef = 1C2E213527BDAB1400BCBBFE /* LogHistoryRouter.swift */; };
		1C2E213F27BDC8AC00BCBBFE /* LogItemTableViewCell.swift in Sources */ = {isa = PBXBuildFile; fileRef = 1C2E213D27BDC8AC00BCBBFE /* LogItemTableViewCell.swift */; };
		1C2E214327BDD6E500BCBBFE /* FinishShiftModel.swift in Sources */ = {isa = PBXBuildFile; fileRef = 1C2E214127BDD6E500BCBBFE /* FinishShiftModel.swift */; };
		1C2E214627BDEE0D00BCBBFE /* Domain.framework in Frameworks */ = {isa = PBXBuildFile; fileRef = 1C2E214527BDEE0D00BCBBFE /* Domain.framework */; };
		1C2E214727BDEE0D00BCBBFE /* Domain.framework in Embed Frameworks */ = {isa = PBXBuildFile; fileRef = 1C2E214527BDEE0D00BCBBFE /* Domain.framework */; settings = {ATTRIBUTES = (CodeSignOnCopy, RemoveHeadersOnCopy, ); }; };
		1C2E214927BDF1DE00BCBBFE /* Button.swift in Sources */ = {isa = PBXBuildFile; fileRef = 1C2E214827BDF1DE00BCBBFE /* Button.swift */; };
		1C51675727CC596B0063D925 /* PresentationUITestsHomeScreen.swift in Sources */ = {isa = PBXBuildFile; fileRef = 1C51675627CC596B0063D925 /* PresentationUITestsHomeScreen.swift */; };
		1C6BB04127C56567001858BE /* Screen.swift in Sources */ = {isa = PBXBuildFile; fileRef = 1C6BB04027C56567001858BE /* Screen.swift */; };
		1C6BB04327C565AE001858BE /* HomeScreen.swift in Sources */ = {isa = PBXBuildFile; fileRef = 1C6BB04227C565AE001858BE /* HomeScreen.swift */; };
		1C6EE0E127BAF43C0033D15C /* HomeRouter.swift in Sources */ = {isa = PBXBuildFile; fileRef = 1C6EE0E027BAF43C0033D15C /* HomeRouter.swift */; };
		1C6EE0E327BAF4690033D15C /* HomePresenter.swift in Sources */ = {isa = PBXBuildFile; fileRef = 1C6EE0E227BAF4690033D15C /* HomePresenter.swift */; };
		1C6EE0E527BAF4C50033D15C /* HomeInteractor.swift in Sources */ = {isa = PBXBuildFile; fileRef = 1C6EE0E427BAF4C50033D15C /* HomeInteractor.swift */; };
		1C6EE0E727BAF4EF0033D15C /* HomeProtocols.swift in Sources */ = {isa = PBXBuildFile; fileRef = 1C6EE0E627BAF4EF0033D15C /* HomeProtocols.swift */; };
		1C7ECF6227C936DF00C4821F /* HomeElementsIdentifiers.swift in Sources */ = {isa = PBXBuildFile; fileRef = 1C7ECF6127C936DF00C4821F /* HomeElementsIdentifiers.swift */; };
		1CC862B927E237900087F05D /* HomeViewConfiguration.swift in Sources */ = {isa = PBXBuildFile; fileRef = 1CC862B827E237900087F05D /* HomeViewConfiguration.swift */; };
		1CC862BB27E2626A0087F05D /* LogHistoryViewConfiguration.swift in Sources */ = {isa = PBXBuildFile; fileRef = 1CC862BA27E2626A0087F05D /* LogHistoryViewConfiguration.swift */; };
		1CEA199B27B4662400865244 /* AppDelegate.swift in Sources */ = {isa = PBXBuildFile; fileRef = 1CEA199A27B4662400865244 /* AppDelegate.swift */; };
		1CEA199D27B4662400865244 /* SceneDelegate.swift in Sources */ = {isa = PBXBuildFile; fileRef = 1CEA199C27B4662400865244 /* SceneDelegate.swift */; };
		1CEA199F27B4662400865244 /* HomeView.swift in Sources */ = {isa = PBXBuildFile; fileRef = 1CEA199E27B4662400865244 /* HomeView.swift */; };
		1CEA19A227B4662400865244 /* Main.storyboard in Resources */ = {isa = PBXBuildFile; fileRef = 1CEA19A027B4662400865244 /* Main.storyboard */; };
		1CEA19A427B4662700865244 /* Assets.xcassets in Resources */ = {isa = PBXBuildFile; fileRef = 1CEA19A327B4662700865244 /* Assets.xcassets */; };
		1CEA19A727B4662700865244 /* LaunchScreen.storyboard in Resources */ = {isa = PBXBuildFile; fileRef = 1CEA19A527B4662700865244 /* LaunchScreen.storyboard */; };
		1CEA19BC27B4662700865244 /* PresentationUITests.swift in Sources */ = {isa = PBXBuildFile; fileRef = 1CEA19BB27B4662700865244 /* PresentationUITests.swift */; };
		1CEA19BE27B4662700865244 /* PresentationUITestsLaunchTests.swift in Sources */ = {isa = PBXBuildFile; fileRef = 1CEA19BD27B4662700865244 /* PresentationUITestsLaunchTests.swift */; };
/* End PBXBuildFile section */

/* Begin PBXContainerItemProxy section */
		1CEA19B827B4662700865244 /* PBXContainerItemProxy */ = {
			isa = PBXContainerItemProxy;
			containerPortal = 1CEA198F27B4662400865244 /* Project object */;
			proxyType = 1;
			remoteGlobalIDString = 1CEA199627B4662400865244;
			remoteInfo = Presentation;
		};
/* End PBXContainerItemProxy section */

/* Begin PBXCopyFilesBuildPhase section */
		1C17331E27BCC4F600B3350F /* Embed Frameworks */ = {
			isa = PBXCopyFilesBuildPhase;
			buildActionMask = 2147483647;
			dstPath = "";
			dstSubfolderSpec = 10;
			files = (
				1C2E214727BDEE0D00BCBBFE /* Domain.framework in Embed Frameworks */,
				1C17331D27BCC4F600B3350F /* Infrastructure.framework in Embed Frameworks */,
			);
			name = "Embed Frameworks";
			runOnlyForDeploymentPostprocessing = 0;
		};
/* End PBXCopyFilesBuildPhase section */

/* Begin PBXFileReference section */
		1C0AB6F027B6F91500D8B8BD /* Clock.swift */ = {isa = PBXFileReference; lastKnownFileType = sourcecode.swift; path = Clock.swift; sourceTree = "<group>"; };
		1C0C69D227BE6FC200CF288E /* PaymentModal.swift */ = {isa = PBXFileReference; lastKnownFileType = sourcecode.swift; path = PaymentModal.swift; sourceTree = "<group>"; };
		1C0EB66B27E4C10D00EE7B29 /* CellSize.swift */ = {isa = PBXFileReference; lastKnownFileType = sourcecode.swift; path = CellSize.swift; sourceTree = "<group>"; };
		1C0EB66F27E4D19F00EE7B29 /* MotorcycleLogItemTableViewCell.swift */ = {isa = PBXFileReference; lastKnownFileType = sourcecode.swift; path = MotorcycleLogItemTableViewCell.swift; sourceTree = "<group>"; };
		1C0EB67127E4D1C300EE7B29 /* CarLogItemTableViewCell.swift */ = {isa = PBXFileReference; lastKnownFileType = sourcecode.swift; path = CarLogItemTableViewCell.swift; sourceTree = "<group>"; };
		1C1732C427BBF34B00B3350F /* Date.swift */ = {isa = PBXFileReference; lastKnownFileType = sourcecode.swift; path = Date.swift; sourceTree = "<group>"; };
		1C1732C627BC447D00B3350F /* BaseController.swift */ = {isa = PBXFileReference; lastKnownFileType = sourcecode.swift; path = BaseController.swift; sourceTree = "<group>"; };
		1C1732C827BC4C9D00B3350F /* VehicleCollectionViewCell.swift */ = {isa = PBXFileReference; fileEncoding = 4; lastKnownFileType = sourcecode.swift; path = VehicleCollectionViewCell.swift; sourceTree = "<group>"; };
		1C1732CF27BC4EB200B3350F /* Vehicle.swift */ = {isa = PBXFileReference; lastKnownFileType = sourcecode.swift; path = Vehicle.swift; sourceTree = "<group>"; };
		1C1732E327BC822000B3350F /* Motorcycle.swift */ = {isa = PBXFileReference; lastKnownFileType = sourcecode.swift; path = Motorcycle.swift; sourceTree = "<group>"; };
		1C1732E527BC831C00B3350F /* Car.swift */ = {isa = PBXFileReference; lastKnownFileType = sourcecode.swift; path = Car.swift; sourceTree = "<group>"; };
		1C1732EF27BC9F1400B3350F /* PresentationErrors.swift */ = {isa = PBXFileReference; lastKnownFileType = sourcecode.swift; path = PresentationErrors.swift; sourceTree = "<group>"; };
		1C1732F127BCA27400B3350F /* Error.swift */ = {isa = PBXFileReference; lastKnownFileType = sourcecode.swift; path = Error.swift; sourceTree = "<group>"; };
		1C17331727BCBC0600B3350F /* VehicleTypeElements.swift */ = {isa = PBXFileReference; lastKnownFileType = sourcecode.swift; path = VehicleTypeElements.swift; sourceTree = "<group>"; };
		1C17331B27BCC4F600B3350F /* Infrastructure.framework */ = {isa = PBXFileReference; explicitFileType = wrapper.framework; path = Infrastructure.framework; sourceTree = BUILT_PRODUCTS_DIR; };
		1C180CA627E3F3360011CE6F /* MotorcyclePaymentModal.swift */ = {isa = PBXFileReference; lastKnownFileType = sourcecode.swift; path = MotorcyclePaymentModal.swift; sourceTree = "<group>"; };
		1C180CA827E3F3620011CE6F /* CarPaymentModal.swift */ = {isa = PBXFileReference; lastKnownFileType = sourcecode.swift; path = CarPaymentModal.swift; sourceTree = "<group>"; };
		1C180CAA27E3FACB0011CE6F /* String.swift */ = {isa = PBXFileReference; lastKnownFileType = sourcecode.swift; path = String.swift; sourceTree = "<group>"; };
		1C2ADB9327E13B8500492106 /* AddCarModal.swift */ = {isa = PBXFileReference; lastKnownFileType = sourcecode.swift; path = AddCarModal.swift; sourceTree = "<group>"; };
		1C2ADB9727E13E3900492106 /* AddVehicleModal.swift */ = {isa = PBXFileReference; lastKnownFileType = sourcecode.swift; path = AddVehicleModal.swift; sourceTree = "<group>"; };
		1C2E211F27BD1A6900BCBBFE /* VehicleVisibleTranslator.swift */ = {isa = PBXFileReference; fileEncoding = 4; lastKnownFileType = sourcecode.swift; path = VehicleVisibleTranslator.swift; sourceTree = "<group>"; };
		1C2E212027BD1A6900BCBBFE /* MotorcycleVisibleTranslator.swift */ = {isa = PBXFileReference; fileEncoding = 4; lastKnownFileType = sourcecode.swift; path = MotorcycleVisibleTranslator.swift; sourceTree = "<group>"; };
		1C2E212127BD1A6900BCBBFE /* CarVisibleTranslator.swift */ = {isa = PBXFileReference; fileEncoding = 4; lastKnownFileType = sourcecode.swift; path = CarVisibleTranslator.swift; sourceTree = "<group>"; };
		1C2E212927BD805600BCBBFE /* AddMotorcycleModal.swift */ = {isa = PBXFileReference; lastKnownFileType = sourcecode.swift; path = AddMotorcycleModal.swift; sourceTree = "<group>"; };
		1C2E213127BDAB1400BCBBFE /* LogHistoryPresenter.swift */ = {isa = PBXFileReference; lastKnownFileType = sourcecode.swift; path = LogHistoryPresenter.swift; sourceTree = "<group>"; };
		1C2E213227BDAB1400BCBBFE /* LogHistoryProtocols.swift */ = {isa = PBXFileReference; lastKnownFileType = sourcecode.swift; path = LogHistoryProtocols.swift; sourceTree = "<group>"; };
		1C2E213327BDAB1400BCBBFE /* LogHistoryInteractor.swift */ = {isa = PBXFileReference; lastKnownFileType = sourcecode.swift; path = LogHistoryInteractor.swift; sourceTree = "<group>"; };
		1C2E213427BDAB1400BCBBFE /* LogHistoryView.swift */ = {isa = PBXFileReference; lastKnownFileType = sourcecode.swift; path = LogHistoryView.swift; sourceTree = "<group>"; };
		1C2E213527BDAB1400BCBBFE /* LogHistoryRouter.swift */ = {isa = PBXFileReference; lastKnownFileType = sourcecode.swift; path = LogHistoryRouter.swift; sourceTree = "<group>"; };
		1C2E213D27BDC8AC00BCBBFE /* LogItemTableViewCell.swift */ = {isa = PBXFileReference; lastKnownFileType = sourcecode.swift; path = LogItemTableViewCell.swift; sourceTree = "<group>"; };
		1C2E214127BDD6E500BCBBFE /* FinishShiftModel.swift */ = {isa = PBXFileReference; lastKnownFileType = sourcecode.swift; path = FinishShiftModel.swift; sourceTree = "<group>"; };
		1C2E214527BDEE0D00BCBBFE /* Domain.framework */ = {isa = PBXFileReference; explicitFileType = wrapper.framework; path = Domain.framework; sourceTree = BUILT_PRODUCTS_DIR; };
		1C2E214827BDF1DE00BCBBFE /* Button.swift */ = {isa = PBXFileReference; lastKnownFileType = sourcecode.swift; path = Button.swift; sourceTree = "<group>"; };
		1C51675627CC596B0063D925 /* PresentationUITestsHomeScreen.swift */ = {isa = PBXFileReference; lastKnownFileType = sourcecode.swift; path = PresentationUITestsHomeScreen.swift; sourceTree = "<group>"; };
		1C6BB04027C56567001858BE /* Screen.swift */ = {isa = PBXFileReference; lastKnownFileType = sourcecode.swift; path = Screen.swift; sourceTree = "<group>"; };
		1C6BB04227C565AE001858BE /* HomeScreen.swift */ = {isa = PBXFileReference; lastKnownFileType = sourcecode.swift; path = HomeScreen.swift; sourceTree = "<group>"; };
		1C6EE0E027BAF43C0033D15C /* HomeRouter.swift */ = {isa = PBXFileReference; lastKnownFileType = sourcecode.swift; path = HomeRouter.swift; sourceTree = "<group>"; };
		1C6EE0E227BAF4690033D15C /* HomePresenter.swift */ = {isa = PBXFileReference; lastKnownFileType = sourcecode.swift; path = HomePresenter.swift; sourceTree = "<group>"; };
		1C6EE0E427BAF4C50033D15C /* HomeInteractor.swift */ = {isa = PBXFileReference; lastKnownFileType = sourcecode.swift; path = HomeInteractor.swift; sourceTree = "<group>"; };
		1C6EE0E627BAF4EF0033D15C /* HomeProtocols.swift */ = {isa = PBXFileReference; lastKnownFileType = sourcecode.swift; path = HomeProtocols.swift; sourceTree = "<group>"; };
		1C7ECF6127C936DF00C4821F /* HomeElementsIdentifiers.swift */ = {isa = PBXFileReference; lastKnownFileType = sourcecode.swift; path = HomeElementsIdentifiers.swift; sourceTree = "<group>"; };
		1CC862B827E237900087F05D /* HomeViewConfiguration.swift */ = {isa = PBXFileReference; lastKnownFileType = sourcecode.swift; path = HomeViewConfiguration.swift; sourceTree = "<group>"; };
		1CC862BA27E2626A0087F05D /* LogHistoryViewConfiguration.swift */ = {isa = PBXFileReference; lastKnownFileType = sourcecode.swift; path = LogHistoryViewConfiguration.swift; sourceTree = "<group>"; };
		1CEA199727B4662400865244 /* Presentation.app */ = {isa = PBXFileReference; explicitFileType = wrapper.application; includeInIndex = 0; path = Presentation.app; sourceTree = BUILT_PRODUCTS_DIR; };
		1CEA199A27B4662400865244 /* AppDelegate.swift */ = {isa = PBXFileReference; lastKnownFileType = sourcecode.swift; path = AppDelegate.swift; sourceTree = "<group>"; };
		1CEA199C27B4662400865244 /* SceneDelegate.swift */ = {isa = PBXFileReference; lastKnownFileType = sourcecode.swift; path = SceneDelegate.swift; sourceTree = "<group>"; };
		1CEA199E27B4662400865244 /* HomeView.swift */ = {isa = PBXFileReference; lastKnownFileType = sourcecode.swift; path = HomeView.swift; sourceTree = "<group>"; };
		1CEA19A127B4662400865244 /* Base */ = {isa = PBXFileReference; lastKnownFileType = file.storyboard; name = Base; path = Base.lproj/Main.storyboard; sourceTree = "<group>"; };
		1CEA19A327B4662700865244 /* Assets.xcassets */ = {isa = PBXFileReference; lastKnownFileType = folder.assetcatalog; path = Assets.xcassets; sourceTree = "<group>"; };
		1CEA19A627B4662700865244 /* Base */ = {isa = PBXFileReference; lastKnownFileType = file.storyboard; name = Base; path = Base.lproj/LaunchScreen.storyboard; sourceTree = "<group>"; };
		1CEA19A827B4662700865244 /* Info.plist */ = {isa = PBXFileReference; lastKnownFileType = text.plist.xml; path = Info.plist; sourceTree = "<group>"; };
		1CEA19B727B4662700865244 /* PresentationUITests.xctest */ = {isa = PBXFileReference; explicitFileType = wrapper.cfbundle; includeInIndex = 0; path = PresentationUITests.xctest; sourceTree = BUILT_PRODUCTS_DIR; };
		1CEA19BB27B4662700865244 /* PresentationUITests.swift */ = {isa = PBXFileReference; lastKnownFileType = sourcecode.swift; path = PresentationUITests.swift; sourceTree = "<group>"; };
		1CEA19BD27B4662700865244 /* PresentationUITestsLaunchTests.swift */ = {isa = PBXFileReference; lastKnownFileType = sourcecode.swift; path = PresentationUITestsLaunchTests.swift; sourceTree = "<group>"; };
/* End PBXFileReference section */

/* Begin PBXFrameworksBuildPhase section */
		1CEA199427B4662400865244 /* Frameworks */ = {
			isa = PBXFrameworksBuildPhase;
			buildActionMask = 2147483647;
			files = (
				1C2E214627BDEE0D00BCBBFE /* Domain.framework in Frameworks */,
				1C17331C27BCC4F600B3350F /* Infrastructure.framework in Frameworks */,
			);
			runOnlyForDeploymentPostprocessing = 0;
		};
		1CEA19B427B4662700865244 /* Frameworks */ = {
			isa = PBXFrameworksBuildPhase;
			buildActionMask = 2147483647;
			files = (
			);
			runOnlyForDeploymentPostprocessing = 0;
		};
/* End PBXFrameworksBuildPhase section */

/* Begin PBXGroup section */
		1C1732C327BBF33F00B3350F /* Extension */ = {
			isa = PBXGroup;
			children = (
				1C1732C427BBF34B00B3350F /* Date.swift */,
				1C1732F127BCA27400B3350F /* Error.swift */,
				1C2E214827BDF1DE00BCBBFE /* Button.swift */,
				1C180CAA27E3FACB0011CE6F /* String.swift */,
			);
			path = Extension;
			sourceTree = "<group>";
		};
		1C1732CC27BC4CA400B3350F /* Cell */ = {
			isa = PBXGroup;
			children = (
				1C2E213D27BDC8AC00BCBBFE /* LogItemTableViewCell.swift */,
				1C0EB66F27E4D19F00EE7B29 /* MotorcycleLogItemTableViewCell.swift */,
				1C0EB67127E4D1C300EE7B29 /* CarLogItemTableViewCell.swift */,
			);
			path = Cell;
			sourceTree = "<group>";
		};
		1C1732CE27BC4CF000B3350F /* Entity */ = {
			isa = PBXGroup;
			children = (
				1C1732CF27BC4EB200B3350F /* Vehicle.swift */,
				1C1732E327BC822000B3350F /* Motorcycle.swift */,
				1C1732E527BC831C00B3350F /* Car.swift */,
			);
			path = Entity;
			sourceTree = "<group>";
		};
		1C1732D827BC723900B3350F /* Storyboards */ = {
			isa = PBXGroup;
			children = (
				1CEA19A527B4662700865244 /* LaunchScreen.storyboard */,
				1CEA19A027B4662400865244 /* Main.storyboard */,
			);
			path = Storyboards;
			sourceTree = "<group>";
		};
		1C1732EE27BC9EC800B3350F /* Exception */ = {
			isa = PBXGroup;
			children = (
				1C1732EF27BC9F1400B3350F /* PresentationErrors.swift */,
			);
			path = Exception;
			sourceTree = "<group>";
		};
		1C17331927BCBC0E00B3350F /* Strategy */ = {
			isa = PBXGroup;
			children = (
				1C17331727BCBC0600B3350F /* VehicleTypeElements.swift */,
			);
			path = Strategy;
			sourceTree = "<group>";
		};
		1C17331A27BCC4F600B3350F /* Frameworks */ = {
			isa = PBXGroup;
			children = (
				1C2E214527BDEE0D00BCBBFE /* Domain.framework */,
				1C17331B27BCC4F600B3350F /* Infrastructure.framework */,
			);
			name = Frameworks;
			sourceTree = "<group>";
		};
		1C180C9F27E3D6890011CE6F /* AddVehicleModal */ = {
			isa = PBXGroup;
			children = (
				1C2ADB9727E13E3900492106 /* AddVehicleModal.swift */,
				1C2E212927BD805600BCBBFE /* AddMotorcycleModal.swift */,
				1C2ADB9327E13B8500492106 /* AddCarModal.swift */,
			);
			path = AddVehicleModal;
			sourceTree = "<group>";
		};
		1C180CA027E3D6990011CE6F /* FinishShiftModel */ = {
			isa = PBXGroup;
			children = (
				1C2E214127BDD6E500BCBBFE /* FinishShiftModel.swift */,
			);
			path = FinishShiftModel;
			sourceTree = "<group>";
		};
		1C180CA127E3D6A40011CE6F /* PaymentModal */ = {
			isa = PBXGroup;
			children = (
				1C0C69D227BE6FC200CF288E /* PaymentModal.swift */,
				1C180CA627E3F3360011CE6F /* MotorcyclePaymentModal.swift */,
				1C180CA827E3F3620011CE6F /* CarPaymentModal.swift */,
			);
			path = PaymentModal;
			sourceTree = "<group>";
		};
		1C2E211E27BD1A4A00BCBBFE /* Anticorruption */ = {
			isa = PBXGroup;
			children = (
				1C2E212127BD1A6900BCBBFE /* CarVisibleTranslator.swift */,
				1C2E212027BD1A6900BCBBFE /* MotorcycleVisibleTranslator.swift */,
				1C2E211F27BD1A6900BCBBFE /* VehicleVisibleTranslator.swift */,
			);
			path = Anticorruption;
			sourceTree = "<group>";
		};
		1C2E212D27BD805B00BCBBFE /* Modal */ = {
			isa = PBXGroup;
			children = (
				1C180C9F27E3D6890011CE6F /* AddVehicleModal */,
				1C180CA027E3D6990011CE6F /* FinishShiftModel */,
				1C180CA127E3D6A40011CE6F /* PaymentModal */,
			);
			path = Modal;
			sourceTree = "<group>";
		};
		1C6BB03827C543F5001858BE /* Common */ = {
			isa = PBXGroup;
			children = (
				1C1732CE27BC4CF000B3350F /* Entity */,
				1C17331927BCBC0E00B3350F /* Strategy */,
				1C2E211E27BD1A4A00BCBBFE /* Anticorruption */,
				1C1732EE27BC9EC800B3350F /* Exception */,
				1C1732C327BBF33F00B3350F /* Extension */,
				1C1732D827BC723900B3350F /* Storyboards */,
				1C1732C627BC447D00B3350F /* BaseController.swift */,
			);
			path = Common;
			sourceTree = "<group>";
		};
		1C6BB03927C5493C001858BE /* View */ = {
			isa = PBXGroup;
			children = (
				1C6BB03A27C54957001858BE /* Home */,
				1C6BB03B27C54970001858BE /* LogHistory */,
			);
			path = View;
			sourceTree = "<group>";
		};
		1C6BB03A27C54957001858BE /* Home */ = {
			isa = PBXGroup;
			children = (
				1C2E212D27BD805B00BCBBFE /* Modal */,
				1CE4E79527C4150000FE6FFB /* Cell */,
				1C0AB6F027B6F91500D8B8BD /* Clock.swift */,
				1CEA199E27B4662400865244 /* HomeView.swift */,
				1CC862B827E237900087F05D /* HomeViewConfiguration.swift */,
			);
			path = Home;
			sourceTree = "<group>";
		};
		1C6BB03B27C54970001858BE /* LogHistory */ = {
			isa = PBXGroup;
			children = (
				1C1732CC27BC4CA400B3350F /* Cell */,
				1C2E213427BDAB1400BCBBFE /* LogHistoryView.swift */,
				1CC862BA27E2626A0087F05D /* LogHistoryViewConfiguration.swift */,
			);
			path = LogHistory;
			sourceTree = "<group>";
		};
		1C6BB03C27C54990001858BE /* Presenter */ = {
			isa = PBXGroup;
			children = (
				1C2E213127BDAB1400BCBBFE /* LogHistoryPresenter.swift */,
				1C6EE0E227BAF4690033D15C /* HomePresenter.swift */,
			);
			path = Presenter;
			sourceTree = "<group>";
		};
		1C6BB03D27C549A0001858BE /* Interactor */ = {
			isa = PBXGroup;
			children = (
				1C2E213327BDAB1400BCBBFE /* LogHistoryInteractor.swift */,
				1C6EE0E427BAF4C50033D15C /* HomeInteractor.swift */,
			);
			path = Interactor;
			sourceTree = "<group>";
		};
		1C6BB03E27C549B4001858BE /* Router */ = {
			isa = PBXGroup;
			children = (
				1C2E213527BDAB1400BCBBFE /* LogHistoryRouter.swift */,
				1C6EE0E027BAF43C0033D15C /* HomeRouter.swift */,
			);
			path = Router;
			sourceTree = "<group>";
		};
		1C6BB03F27C549C9001858BE /* Protocols */ = {
			isa = PBXGroup;
			children = (
				1C2E213227BDAB1400BCBBFE /* LogHistoryProtocols.swift */,
				1C6EE0E627BAF4EF0033D15C /* HomeProtocols.swift */,
			);
			name = Protocols;
			sourceTree = "<group>";
		};
		1C7ECF5F27C9353400C4821F /* Object */ = {
			isa = PBXGroup;
			children = (
				1C6BB04227C565AE001858BE /* HomeScreen.swift */,
			);
			path = Object;
			sourceTree = "<group>";
		};
		1C7ECF6027C9354500C4821F /* Test */ = {
			isa = PBXGroup;
			children = (
				1CEA19BB27B4662700865244 /* PresentationUITests.swift */,
				1C51675627CC596B0063D925 /* PresentationUITestsHomeScreen.swift */,
				1CEA19BD27B4662700865244 /* PresentationUITestsLaunchTests.swift */,
			);
			path = Test;
			sourceTree = "<group>";
		};
		1C7ECF6327C9374B00C4821F /* Common */ = {
			isa = PBXGroup;
			children = (
				1C6BB04027C56567001858BE /* Screen.swift */,
				1C7ECF6127C936DF00C4821F /* HomeElementsIdentifiers.swift */,
			);
			path = Common;
			sourceTree = "<group>";
		};
		1CE4E79527C4150000FE6FFB /* Cell */ = {
			isa = PBXGroup;
			children = (
				1C1732C827BC4C9D00B3350F /* VehicleCollectionViewCell.swift */,
				1C0EB66B27E4C10D00EE7B29 /* CellSize.swift */,
			);
			path = Cell;
			sourceTree = "<group>";
		};
		1CEA198E27B4662400865244 = {
			isa = PBXGroup;
			children = (
				1CEA199927B4662400865244 /* Presentation */,
				1CEA19BA27B4662700865244 /* PresentationUITests */,
				1CEA199827B4662400865244 /* Products */,
				1C17331A27BCC4F600B3350F /* Frameworks */,
			);
			sourceTree = "<group>";
		};
		1CEA199827B4662400865244 /* Products */ = {
			isa = PBXGroup;
			children = (
				1CEA199727B4662400865244 /* Presentation.app */,
				1CEA19B727B4662700865244 /* PresentationUITests.xctest */,
			);
			name = Products;
			sourceTree = "<group>";
		};
		1CEA199927B4662400865244 /* Presentation */ = {
			isa = PBXGroup;
			children = (
				1CEA19A827B4662700865244 /* Info.plist */,
				1CEA199A27B4662400865244 /* AppDelegate.swift */,
				1CEA199C27B4662400865244 /* SceneDelegate.swift */,
				1CEA19A327B4662700865244 /* Assets.xcassets */,
				1C6BB03827C543F5001858BE /* Common */,
				1C6BB03D27C549A0001858BE /* Interactor */,
				1C6BB03C27C54990001858BE /* Presenter */,
				1C6BB03F27C549C9001858BE /* Protocols */,
				1C6BB03E27C549B4001858BE /* Router */,
				1C6BB03927C5493C001858BE /* View */,
			);
			path = Presentation;
			sourceTree = "<group>";
		};
		1CEA19BA27B4662700865244 /* PresentationUITests */ = {
			isa = PBXGroup;
			children = (
				1C7ECF6327C9374B00C4821F /* Common */,
				1C7ECF5F27C9353400C4821F /* Object */,
				1C7ECF6027C9354500C4821F /* Test */,
			);
			path = PresentationUITests;
			sourceTree = "<group>";
		};
/* End PBXGroup section */

/* Begin PBXNativeTarget section */
		1CEA199627B4662400865244 /* Presentation */ = {
			isa = PBXNativeTarget;
			buildConfigurationList = 1CEA19C127B4662700865244 /* Build configuration list for PBXNativeTarget "Presentation" */;
			buildPhases = (
				1CEA199327B4662400865244 /* Sources */,
				1CEA199427B4662400865244 /* Frameworks */,
				1CEA199527B4662400865244 /* Resources */,
				1C17331E27BCC4F600B3350F /* Embed Frameworks */,
			);
			buildRules = (
			);
			dependencies = (
			);
			name = Presentation;
			productName = Presentation;
			productReference = 1CEA199727B4662400865244 /* Presentation.app */;
			productType = "com.apple.product-type.application";
		};
		1CEA19B627B4662700865244 /* PresentationUITests */ = {
			isa = PBXNativeTarget;
			buildConfigurationList = 1CEA19C727B4662700865244 /* Build configuration list for PBXNativeTarget "PresentationUITests" */;
			buildPhases = (
				1CEA19B327B4662700865244 /* Sources */,
				1CEA19B427B4662700865244 /* Frameworks */,
				1CEA19B527B4662700865244 /* Resources */,
			);
			buildRules = (
			);
			dependencies = (
				1CEA19B927B4662700865244 /* PBXTargetDependency */,
			);
			name = PresentationUITests;
			productName = PresentationUITests;
			productReference = 1CEA19B727B4662700865244 /* PresentationUITests.xctest */;
			productType = "com.apple.product-type.bundle.ui-testing";
		};
/* End PBXNativeTarget section */

/* Begin PBXProject section */
		1CEA198F27B4662400865244 /* Project object */ = {
			isa = PBXProject;
			attributes = {
				BuildIndependentTargetsInParallel = 1;
				LastSwiftUpdateCheck = 1320;
				LastUpgradeCheck = 1320;
				TargetAttributes = {
					1CEA199627B4662400865244 = {
						CreatedOnToolsVersion = 13.2.1;
					};
					1CEA19B627B4662700865244 = {
						CreatedOnToolsVersion = 13.2.1;
						TestTargetID = 1CEA199627B4662400865244;
					};
				};
			};
			buildConfigurationList = 1CEA199227B4662400865244 /* Build configuration list for PBXProject "Presentation" */;
			compatibilityVersion = "Xcode 13.0";
			developmentRegion = en;
			hasScannedForEncodings = 0;
			knownRegions = (
				en,
				Base,
			);
			mainGroup = 1CEA198E27B4662400865244;
			productRefGroup = 1CEA199827B4662400865244 /* Products */;
			projectDirPath = "";
			projectRoot = "";
			targets = (
				1CEA199627B4662400865244 /* Presentation */,
				1CEA19B627B4662700865244 /* PresentationUITests */,
			);
		};
/* End PBXProject section */

/* Begin PBXResourcesBuildPhase section */
		1CEA199527B4662400865244 /* Resources */ = {
			isa = PBXResourcesBuildPhase;
			buildActionMask = 2147483647;
			files = (
				1CEA19A727B4662700865244 /* LaunchScreen.storyboard in Resources */,
				1CEA19A427B4662700865244 /* Assets.xcassets in Resources */,
				1CEA19A227B4662400865244 /* Main.storyboard in Resources */,
			);
			runOnlyForDeploymentPostprocessing = 0;
		};
		1CEA19B527B4662700865244 /* Resources */ = {
			isa = PBXResourcesBuildPhase;
			buildActionMask = 2147483647;
			files = (
			);
			runOnlyForDeploymentPostprocessing = 0;
		};
/* End PBXResourcesBuildPhase section */

/* Begin PBXSourcesBuildPhase section */
		1CEA199327B4662400865244 /* Sources */ = {
			isa = PBXSourcesBuildPhase;
			buildActionMask = 2147483647;
			files = (
				1C1732F027BC9F1400B3350F /* PresentationErrors.swift in Sources */,
				1C1732D027BC4EB200B3350F /* Vehicle.swift in Sources */,
				1C0EB67027E4D19F00EE7B29 /* MotorcycleLogItemTableViewCell.swift in Sources */,
				1C2E214327BDD6E500BCBBFE /* FinishShiftModel.swift in Sources */,
				1C2ADB9527E13B8500492106 /* AddCarModal.swift in Sources */,
				1CEA199F27B4662400865244 /* HomeView.swift in Sources */,
				1C2E214927BDF1DE00BCBBFE /* Button.swift in Sources */,
				1CEA199B27B4662400865244 /* AppDelegate.swift in Sources */,
				1C2ADB9827E13E3900492106 /* AddVehicleModal.swift in Sources */,
				1C2E212327BD1A6900BCBBFE /* MotorcycleVisibleTranslator.swift in Sources */,
				1C1732E427BC822000B3350F /* Motorcycle.swift in Sources */,
				1C2E213727BDAB1400BCBBFE /* LogHistoryProtocols.swift in Sources */,
				1C2E212227BD1A6900BCBBFE /* VehicleVisibleTranslator.swift in Sources */,
				1C2E212427BD1A6900BCBBFE /* CarVisibleTranslator.swift in Sources */,
				1C180CA727E3F3360011CE6F /* MotorcyclePaymentModal.swift in Sources */,
				1C1732C727BC447D00B3350F /* BaseController.swift in Sources */,
				1C2E213F27BDC8AC00BCBBFE /* LogItemTableViewCell.swift in Sources */,
				1C0AB6F127B6F91500D8B8BD /* Clock.swift in Sources */,
				1C2E212B27BD805600BCBBFE /* AddMotorcycleModal.swift in Sources */,
				1C0EB66C27E4C10D00EE7B29 /* CellSize.swift in Sources */,
				1CC862B927E237900087F05D /* HomeViewConfiguration.swift in Sources */,
				1C6EE0E327BAF4690033D15C /* HomePresenter.swift in Sources */,
				1C6EE0E727BAF4EF0033D15C /* HomeProtocols.swift in Sources */,
				1CEA199D27B4662400865244 /* SceneDelegate.swift in Sources */,
				1C2E213627BDAB1400BCBBFE /* LogHistoryPresenter.swift in Sources */,
				1C2E213927BDAB1400BCBBFE /* LogHistoryView.swift in Sources */,
				1C0EB67227E4D1C300EE7B29 /* CarLogItemTableViewCell.swift in Sources */,
				1C2E213827BDAB1400BCBBFE /* LogHistoryInteractor.swift in Sources */,
				1C1732E627BC831C00B3350F /* Car.swift in Sources */,
				1C0C69D427BE6FC200CF288E /* PaymentModal.swift in Sources */,
				1C180CAB27E3FACB0011CE6F /* String.swift in Sources */,
				1CC862BB27E2626A0087F05D /* LogHistoryViewConfiguration.swift in Sources */,
				1C6EE0E127BAF43C0033D15C /* HomeRouter.swift in Sources */,
				1C180CA927E3F3620011CE6F /* CarPaymentModal.swift in Sources */,
				1C2E213A27BDAB1400BCBBFE /* LogHistoryRouter.swift in Sources */,
				1C1732CA27BC4C9D00B3350F /* VehicleCollectionViewCell.swift in Sources */,
				1C1732C527BBF34B00B3350F /* Date.swift in Sources */,
				1C6EE0E527BAF4C50033D15C /* HomeInteractor.swift in Sources */,
				1C17331827BCBC0600B3350F /* VehicleTypeElements.swift in Sources */,
				1C1732F227BCA27400B3350F /* Error.swift in Sources */,
			);
			runOnlyForDeploymentPostprocessing = 0;
		};
		1CEA19B327B4662700865244 /* Sources */ = {
			isa = PBXSourcesBuildPhase;
			buildActionMask = 2147483647;
			files = (
				1C51675727CC596B0063D925 /* PresentationUITestsHomeScreen.swift in Sources */,
				1CEA19BE27B4662700865244 /* PresentationUITestsLaunchTests.swift in Sources */,
				1C7ECF6227C936DF00C4821F /* HomeElementsIdentifiers.swift in Sources */,
				1CEA19BC27B4662700865244 /* PresentationUITests.swift in Sources */,
				1C6BB04327C565AE001858BE /* HomeScreen.swift in Sources */,
				1C6BB04127C56567001858BE /* Screen.swift in Sources */,
			);
			runOnlyForDeploymentPostprocessing = 0;
		};
/* End PBXSourcesBuildPhase section */

/* Begin PBXTargetDependency section */
		1CEA19B927B4662700865244 /* PBXTargetDependency */ = {
			isa = PBXTargetDependency;
			target = 1CEA199627B4662400865244 /* Presentation */;
			targetProxy = 1CEA19B827B4662700865244 /* PBXContainerItemProxy */;
		};
/* End PBXTargetDependency section */

/* Begin PBXVariantGroup section */
		1CEA19A027B4662400865244 /* Main.storyboard */ = {
			isa = PBXVariantGroup;
			children = (
				1CEA19A127B4662400865244 /* Base */,
			);
			name = Main.storyboard;
			sourceTree = "<group>";
		};
		1CEA19A527B4662700865244 /* LaunchScreen.storyboard */ = {
			isa = PBXVariantGroup;
			children = (
				1CEA19A627B4662700865244 /* Base */,
			);
			name = LaunchScreen.storyboard;
			sourceTree = "<group>";
		};
/* End PBXVariantGroup section */

/* Begin XCBuildConfiguration section */
		1CEA19BF27B4662700865244 /* Debug */ = {
			isa = XCBuildConfiguration;
			buildSettings = {
				ALWAYS_SEARCH_USER_PATHS = NO;
				CLANG_ANALYZER_NONNULL = YES;
				CLANG_ANALYZER_NUMBER_OBJECT_CONVERSION = YES_AGGRESSIVE;
				CLANG_CXX_LANGUAGE_STANDARD = "gnu++17";
				CLANG_CXX_LIBRARY = "libc++";
				CLANG_ENABLE_MODULES = YES;
				CLANG_ENABLE_OBJC_ARC = YES;
				CLANG_ENABLE_OBJC_WEAK = YES;
				CLANG_WARN_BLOCK_CAPTURE_AUTORELEASING = YES;
				CLANG_WARN_BOOL_CONVERSION = YES;
				CLANG_WARN_COMMA = YES;
				CLANG_WARN_CONSTANT_CONVERSION = YES;
				CLANG_WARN_DEPRECATED_OBJC_IMPLEMENTATIONS = YES;
				CLANG_WARN_DIRECT_OBJC_ISA_USAGE = YES_ERROR;
				CLANG_WARN_DOCUMENTATION_COMMENTS = YES;
				CLANG_WARN_EMPTY_BODY = YES;
				CLANG_WARN_ENUM_CONVERSION = YES;
				CLANG_WARN_INFINITE_RECURSION = YES;
				CLANG_WARN_INT_CONVERSION = YES;
				CLANG_WARN_NON_LITERAL_NULL_CONVERSION = YES;
				CLANG_WARN_OBJC_IMPLICIT_RETAIN_SELF = YES;
				CLANG_WARN_OBJC_LITERAL_CONVERSION = YES;
				CLANG_WARN_OBJC_ROOT_CLASS = YES_ERROR;
				CLANG_WARN_QUOTED_INCLUDE_IN_FRAMEWORK_HEADER = YES;
				CLANG_WARN_RANGE_LOOP_ANALYSIS = YES;
				CLANG_WARN_STRICT_PROTOTYPES = YES;
				CLANG_WARN_SUSPICIOUS_MOVE = YES;
				CLANG_WARN_UNGUARDED_AVAILABILITY = YES_AGGRESSIVE;
				CLANG_WARN_UNREACHABLE_CODE = YES;
				CLANG_WARN__DUPLICATE_METHOD_MATCH = YES;
				COPY_PHASE_STRIP = NO;
				DEBUG_INFORMATION_FORMAT = dwarf;
				ENABLE_STRICT_OBJC_MSGSEND = YES;
				ENABLE_TESTABILITY = YES;
				GCC_C_LANGUAGE_STANDARD = gnu11;
				GCC_DYNAMIC_NO_PIC = NO;
				GCC_NO_COMMON_BLOCKS = YES;
				GCC_OPTIMIZATION_LEVEL = 0;
				GCC_PREPROCESSOR_DEFINITIONS = (
					"DEBUG=1",
					"$(inherited)",
				);
				GCC_WARN_64_TO_32_BIT_CONVERSION = YES;
				GCC_WARN_ABOUT_RETURN_TYPE = YES_ERROR;
				GCC_WARN_UNDECLARED_SELECTOR = YES;
				GCC_WARN_UNINITIALIZED_AUTOS = YES_AGGRESSIVE;
				GCC_WARN_UNUSED_FUNCTION = YES;
				GCC_WARN_UNUSED_VARIABLE = YES;
				IPHONEOS_DEPLOYMENT_TARGET = 15.2;
				MTL_ENABLE_DEBUG_INFO = INCLUDE_SOURCE;
				MTL_FAST_MATH = YES;
				ONLY_ACTIVE_ARCH = YES;
				SDKROOT = iphoneos;
				SWIFT_ACTIVE_COMPILATION_CONDITIONS = DEBUG;
				SWIFT_OPTIMIZATION_LEVEL = "-Onone";
			};
			name = Debug;
		};
		1CEA19C027B4662700865244 /* Release */ = {
			isa = XCBuildConfiguration;
			buildSettings = {
				ALWAYS_SEARCH_USER_PATHS = NO;
				CLANG_ANALYZER_NONNULL = YES;
				CLANG_ANALYZER_NUMBER_OBJECT_CONVERSION = YES_AGGRESSIVE;
				CLANG_CXX_LANGUAGE_STANDARD = "gnu++17";
				CLANG_CXX_LIBRARY = "libc++";
				CLANG_ENABLE_MODULES = YES;
				CLANG_ENABLE_OBJC_ARC = YES;
				CLANG_ENABLE_OBJC_WEAK = YES;
				CLANG_WARN_BLOCK_CAPTURE_AUTORELEASING = YES;
				CLANG_WARN_BOOL_CONVERSION = YES;
				CLANG_WARN_COMMA = YES;
				CLANG_WARN_CONSTANT_CONVERSION = YES;
				CLANG_WARN_DEPRECATED_OBJC_IMPLEMENTATIONS = YES;
				CLANG_WARN_DIRECT_OBJC_ISA_USAGE = YES_ERROR;
				CLANG_WARN_DOCUMENTATION_COMMENTS = YES;
				CLANG_WARN_EMPTY_BODY = YES;
				CLANG_WARN_ENUM_CONVERSION = YES;
				CLANG_WARN_INFINITE_RECURSION = YES;
				CLANG_WARN_INT_CONVERSION = YES;
				CLANG_WARN_NON_LITERAL_NULL_CONVERSION = YES;
				CLANG_WARN_OBJC_IMPLICIT_RETAIN_SELF = YES;
				CLANG_WARN_OBJC_LITERAL_CONVERSION = YES;
				CLANG_WARN_OBJC_ROOT_CLASS = YES_ERROR;
				CLANG_WARN_QUOTED_INCLUDE_IN_FRAMEWORK_HEADER = YES;
				CLANG_WARN_RANGE_LOOP_ANALYSIS = YES;
				CLANG_WARN_STRICT_PROTOTYPES = YES;
				CLANG_WARN_SUSPICIOUS_MOVE = YES;
				CLANG_WARN_UNGUARDED_AVAILABILITY = YES_AGGRESSIVE;
				CLANG_WARN_UNREACHABLE_CODE = YES;
				CLANG_WARN__DUPLICATE_METHOD_MATCH = YES;
				COPY_PHASE_STRIP = NO;
				DEBUG_INFORMATION_FORMAT = "dwarf-with-dsym";
				ENABLE_NS_ASSERTIONS = NO;
				ENABLE_STRICT_OBJC_MSGSEND = YES;
				GCC_C_LANGUAGE_STANDARD = gnu11;
				GCC_NO_COMMON_BLOCKS = YES;
				GCC_WARN_64_TO_32_BIT_CONVERSION = YES;
				GCC_WARN_ABOUT_RETURN_TYPE = YES_ERROR;
				GCC_WARN_UNDECLARED_SELECTOR = YES;
				GCC_WARN_UNINITIALIZED_AUTOS = YES_AGGRESSIVE;
				GCC_WARN_UNUSED_FUNCTION = YES;
				GCC_WARN_UNUSED_VARIABLE = YES;
				IPHONEOS_DEPLOYMENT_TARGET = 15.2;
				MTL_ENABLE_DEBUG_INFO = NO;
				MTL_FAST_MATH = YES;
				SDKROOT = iphoneos;
				SWIFT_COMPILATION_MODE = wholemodule;
				SWIFT_OPTIMIZATION_LEVEL = "-O";
				VALIDATE_PRODUCT = YES;
			};
			name = Release;
		};
		1CEA19C227B4662700865244 /* Debug */ = {
			isa = XCBuildConfiguration;
			buildSettings = {
				ASSETCATALOG_COMPILER_APPICON_NAME = AppIcon;
				ASSETCATALOG_COMPILER_GLOBAL_ACCENT_COLOR_NAME = AccentColor;
				CODE_SIGN_STYLE = Automatic;
				CURRENT_PROJECT_VERSION = 1;
				DEVELOPMENT_TEAM = DFSRC4568F;
				GENERATE_INFOPLIST_FILE = YES;
				INFOPLIST_FILE = Presentation/Info.plist;
				INFOPLIST_KEY_CFBundleDisplayName = Parking;
				INFOPLIST_KEY_UIApplicationSupportsIndirectInputEvents = YES;
				INFOPLIST_KEY_UILaunchStoryboardName = LaunchScreen;
				INFOPLIST_KEY_UIMainStoryboardFile = Main;
				INFOPLIST_KEY_UISupportedInterfaceOrientations_iPad = "UIInterfaceOrientationPortrait UIInterfaceOrientationPortraitUpsideDown UIInterfaceOrientationLandscapeLeft UIInterfaceOrientationLandscapeRight";
				INFOPLIST_KEY_UISupportedInterfaceOrientations_iPhone = "UIInterfaceOrientationPortrait UIInterfaceOrientationLandscapeLeft UIInterfaceOrientationLandscapeRight";
				IPHONEOS_DEPLOYMENT_TARGET = 15.2;
				LD_RUNPATH_SEARCH_PATHS = (
					"$(inherited)",
					"@executable_path/Frameworks",
				);
				MARKETING_VERSION = 1.0;
				PRODUCT_BUNDLE_IDENTIFIER = Ceiba.Presentation;
				PRODUCT_NAME = "$(TARGET_NAME)";
				SWIFT_EMIT_LOC_STRINGS = YES;
				SWIFT_VERSION = 5.0;
				TARGETED_DEVICE_FAMILY = "1,2";
			};
			name = Debug;
		};
		1CEA19C327B4662700865244 /* Release */ = {
			isa = XCBuildConfiguration;
			buildSettings = {
				ASSETCATALOG_COMPILER_APPICON_NAME = AppIcon;
				ASSETCATALOG_COMPILER_GLOBAL_ACCENT_COLOR_NAME = AccentColor;
				CODE_SIGN_STYLE = Automatic;
				CURRENT_PROJECT_VERSION = 1;
				DEVELOPMENT_TEAM = DFSRC4568F;
				GENERATE_INFOPLIST_FILE = YES;
				INFOPLIST_FILE = Presentation/Info.plist;
				INFOPLIST_KEY_CFBundleDisplayName = Parking;
				INFOPLIST_KEY_UIApplicationSupportsIndirectInputEvents = YES;
				INFOPLIST_KEY_UILaunchStoryboardName = LaunchScreen;
				INFOPLIST_KEY_UIMainStoryboardFile = Main;
				INFOPLIST_KEY_UISupportedInterfaceOrientations_iPad = "UIInterfaceOrientationPortrait UIInterfaceOrientationPortraitUpsideDown UIInterfaceOrientationLandscapeLeft UIInterfaceOrientationLandscapeRight";
				INFOPLIST_KEY_UISupportedInterfaceOrientations_iPhone = "UIInterfaceOrientationPortrait UIInterfaceOrientationLandscapeLeft UIInterfaceOrientationLandscapeRight";
				IPHONEOS_DEPLOYMENT_TARGET = 15.2;
				LD_RUNPATH_SEARCH_PATHS = (
					"$(inherited)",
					"@executable_path/Frameworks",
				);
				MARKETING_VERSION = 1.0;
				PRODUCT_BUNDLE_IDENTIFIER = Ceiba.Presentation;
				PRODUCT_NAME = "$(TARGET_NAME)";
				SWIFT_EMIT_LOC_STRINGS = YES;
				SWIFT_VERSION = 5.0;
				TARGETED_DEVICE_FAMILY = "1,2";
			};
			name = Release;
		};
		1CEA19C827B4662700865244 /* Debug */ = {
			isa = XCBuildConfiguration;
			buildSettings = {
				ALWAYS_EMBED_SWIFT_STANDARD_LIBRARIES = YES;
				CODE_SIGN_STYLE = Automatic;
				CURRENT_PROJECT_VERSION = 1;
				DEVELOPMENT_TEAM = DFSRC4568F;
				GENERATE_INFOPLIST_FILE = YES;
				MARKETING_VERSION = 1.0;
				PRODUCT_BUNDLE_IDENTIFIER = Ceiba.PresentationUITests;
				PRODUCT_NAME = "$(TARGET_NAME)";
				SWIFT_EMIT_LOC_STRINGS = NO;
				SWIFT_VERSION = 5.0;
				TARGETED_DEVICE_FAMILY = "1,2";
				TEST_TARGET_NAME = Presentation;
			};
			name = Debug;
		};
		1CEA19C927B4662700865244 /* Release */ = {
			isa = XCBuildConfiguration;
			buildSettings = {
				ALWAYS_EMBED_SWIFT_STANDARD_LIBRARIES = YES;
				CODE_SIGN_STYLE = Automatic;
				CURRENT_PROJECT_VERSION = 1;
				DEVELOPMENT_TEAM = DFSRC4568F;
				GENERATE_INFOPLIST_FILE = YES;
				MARKETING_VERSION = 1.0;
				PRODUCT_BUNDLE_IDENTIFIER = Ceiba.PresentationUITests;
				PRODUCT_NAME = "$(TARGET_NAME)";
				SWIFT_EMIT_LOC_STRINGS = NO;
				SWIFT_VERSION = 5.0;
				TARGETED_DEVICE_FAMILY = "1,2";
				TEST_TARGET_NAME = Presentation;
			};
			name = Release;
		};
/* End XCBuildConfiguration section */

/* Begin XCConfigurationList section */
		1CEA199227B4662400865244 /* Build configuration list for PBXProject "Presentation" */ = {
			isa = XCConfigurationList;
			buildConfigurations = (
				1CEA19BF27B4662700865244 /* Debug */,
				1CEA19C027B4662700865244 /* Release */,
			);
			defaultConfigurationIsVisible = 0;
			defaultConfigurationName = Release;
		};
		1CEA19C127B4662700865244 /* Build configuration list for PBXNativeTarget "Presentation" */ = {
			isa = XCConfigurationList;
			buildConfigurations = (
				1CEA19C227B4662700865244 /* Debug */,
				1CEA19C327B4662700865244 /* Release */,
			);
			defaultConfigurationIsVisible = 0;
			defaultConfigurationName = Release;
		};
		1CEA19C727B4662700865244 /* Build configuration list for PBXNativeTarget "PresentationUITests" */ = {
			isa = XCConfigurationList;
			buildConfigurations = (
				1CEA19C827B4662700865244 /* Debug */,
				1CEA19C927B4662700865244 /* Release */,
			);
			defaultConfigurationIsVisible = 0;
			defaultConfigurationName = Release;
		};
/* End XCConfigurationList section */
	};
	rootObject = 1CEA198F27B4662400865244 /* Project object */;
}
