// !$*UTF8*$!
{
	archiveVersion = 1;
	classes = {
	};
	objectVersion = 55;
	objects = {

/* Begin PBXBuildFile section */
		1C2CF20427ADCAD2002C37C4 /* Infrastructure.h in Headers */ = {isa = PBXBuildFile; fileRef = 1C2CF20327ADCAD2002C37C4 /* Infrastructure.h */; settings = {ATTRIBUTES = (Public, ); }; };
		1C2CF22827ADCF00002C37C4 /* CoreDataManager.swift in Sources */ = {isa = PBXBuildFile; fileRef = 1C2CF22727ADCF00002C37C4 /* CoreDataManager.swift */; };
		1C3A983427C010A800D366DB /* ParkingCoreData.xcdatamodeld in Sources */ = {isa = PBXBuildFile; fileRef = 1C3A983227C010A800D366DB /* ParkingCoreData.xcdatamodeld */; };
		1C3A983A27C011C500D366DB /* Domain.framework in Frameworks */ = {isa = PBXBuildFile; fileRef = 1C3A983927C011C500D366DB /* Domain.framework */; };
		1C3A983B27C011C500D366DB /* Domain.framework in Embed Frameworks */ = {isa = PBXBuildFile; fileRef = 1C3A983927C011C500D366DB /* Domain.framework */; settings = {ATTRIBUTES = (CodeSignOnCopy, RemoveHeadersOnCopy, ); }; };
		1C3A987827C0271600D366DB /* MotorcycleCoreEntity+CoreDataClass.swift in Sources */ = {isa = PBXBuildFile; fileRef = 1C3A987027C0271600D366DB /* MotorcycleCoreEntity+CoreDataClass.swift */; };
		1C3A987927C0271600D366DB /* MotorcycleCoreEntity+CoreDataProperties.swift in Sources */ = {isa = PBXBuildFile; fileRef = 1C3A987127C0271600D366DB /* MotorcycleCoreEntity+CoreDataProperties.swift */; };
		1C3A987A27C0271600D366DB /* CarCoreEntity+CoreDataClass.swift in Sources */ = {isa = PBXBuildFile; fileRef = 1C3A987227C0271600D366DB /* CarCoreEntity+CoreDataClass.swift */; };
		1C3A987B27C0271600D366DB /* CarCoreEntity+CoreDataProperties.swift in Sources */ = {isa = PBXBuildFile; fileRef = 1C3A987327C0271600D366DB /* CarCoreEntity+CoreDataProperties.swift */; };
		1C3A987C27C0271600D366DB /* VehicleCoreEntity+CoreDataClass.swift in Sources */ = {isa = PBXBuildFile; fileRef = 1C3A987427C0271600D366DB /* VehicleCoreEntity+CoreDataClass.swift */; };
		1C3A987D27C0271600D366DB /* VehicleCoreEntity+CoreDataProperties.swift in Sources */ = {isa = PBXBuildFile; fileRef = 1C3A987527C0271600D366DB /* VehicleCoreEntity+CoreDataProperties.swift */; };
		1C3A987E27C0271600D366DB /* ParkingShiftCoreEntity+CoreDataClass.swift in Sources */ = {isa = PBXBuildFile; fileRef = 1C3A987627C0271600D366DB /* ParkingShiftCoreEntity+CoreDataClass.swift */; };
		1C3A987F27C0271600D366DB /* ParkingShiftCoreEntity+CoreDataProperties.swift in Sources */ = {isa = PBXBuildFile; fileRef = 1C3A987727C0271600D366DB /* ParkingShiftCoreEntity+CoreDataProperties.swift */; };
		1C4E68C327B1683300C19DF8 /* VehicleParkingShiftTranslator.swift in Sources */ = {isa = PBXBuildFile; fileRef = 1C4E68C227B1683300C19DF8 /* VehicleParkingShiftTranslator.swift */; };
		1C4E68C527B1687900C19DF8 /* CarParkingShiftTranslator.swift in Sources */ = {isa = PBXBuildFile; fileRef = 1C4E68C427B1687900C19DF8 /* CarParkingShiftTranslator.swift */; };
		1C4E68C727B1688600C19DF8 /* MotorcycleParkingShiftTranslator.swift in Sources */ = {isa = PBXBuildFile; fileRef = 1C4E68C627B1688600C19DF8 /* MotorcycleParkingShiftTranslator.swift */; };
		1C4E68DD27B16D1200C19DF8 /* InfrastructureErrors.swift in Sources */ = {isa = PBXBuildFile; fileRef = 1C4E68DC27B16D1200C19DF8 /* InfrastructureErrors.swift */; };
		1C50198D27B421CF00554DF4 /* CarParkingCoreDataRepository.swift in Sources */ = {isa = PBXBuildFile; fileRef = 1C50198C27B421CF00554DF4 /* CarParkingCoreDataRepository.swift */; };
		1C50198F27B4220B00554DF4 /* MotorcycleParkingCoreDataRepository.swift in Sources */ = {isa = PBXBuildFile; fileRef = 1C50198E27B4220B00554DF4 /* MotorcycleParkingCoreDataRepository.swift */; };
		1C50199127B4238800554DF4 /* ParkingCoreDataRepository.swift in Sources */ = {isa = PBXBuildFile; fileRef = 1C50199027B4238800554DF4 /* ParkingCoreDataRepository.swift */; };
		300BE8AB2CBB3924704328A4 /* Pods_Infrastructure.framework in Frameworks */ = {isa = PBXBuildFile; fileRef = 91E7CFD12CA02CDC8E28B09E /* Pods_Infrastructure.framework */; };
/* End PBXBuildFile section */

/* Begin PBXCopyFilesBuildPhase section */
		1C3A983C27C011C500D366DB /* Embed Frameworks */ = {
			isa = PBXCopyFilesBuildPhase;
			buildActionMask = 2147483647;
			dstPath = "";
			dstSubfolderSpec = 10;
			files = (
				1C3A983B27C011C500D366DB /* Domain.framework in Embed Frameworks */,
			);
			name = "Embed Frameworks";
			runOnlyForDeploymentPostprocessing = 0;
		};
/* End PBXCopyFilesBuildPhase section */

/* Begin PBXFileReference section */
		1C2CF20027ADCAD2002C37C4 /* Infrastructure.framework */ = {isa = PBXFileReference; explicitFileType = wrapper.framework; includeInIndex = 0; path = Infrastructure.framework; sourceTree = BUILT_PRODUCTS_DIR; };
		1C2CF20327ADCAD2002C37C4 /* Infrastructure.h */ = {isa = PBXFileReference; lastKnownFileType = sourcecode.c.h; path = Infrastructure.h; sourceTree = "<group>"; };
		1C2CF20B27ADCAEA002C37C4 /* Domain.framework */ = {isa = PBXFileReference; explicitFileType = wrapper.framework; path = Domain.framework; sourceTree = BUILT_PRODUCTS_DIR; };
		1C2CF22727ADCF00002C37C4 /* CoreDataManager.swift */ = {isa = PBXFileReference; lastKnownFileType = sourcecode.swift; path = CoreDataManager.swift; sourceTree = "<group>"; };
		1C3A983327C010A800D366DB /* ParkingCoreData.xcdatamodel */ = {isa = PBXFileReference; lastKnownFileType = wrapper.xcdatamodel; path = ParkingCoreData.xcdatamodel; sourceTree = "<group>"; };
		1C3A983927C011C500D366DB /* Domain.framework */ = {isa = PBXFileReference; explicitFileType = wrapper.framework; path = Domain.framework; sourceTree = BUILT_PRODUCTS_DIR; };
		1C3A987027C0271600D366DB /* MotorcycleCoreEntity+CoreDataClass.swift */ = {isa = PBXFileReference; lastKnownFileType = sourcecode.swift; path = "MotorcycleCoreEntity+CoreDataClass.swift"; sourceTree = "<group>"; };
		1C3A987127C0271600D366DB /* MotorcycleCoreEntity+CoreDataProperties.swift */ = {isa = PBXFileReference; lastKnownFileType = sourcecode.swift; path = "MotorcycleCoreEntity+CoreDataProperties.swift"; sourceTree = "<group>"; };
		1C3A987227C0271600D366DB /* CarCoreEntity+CoreDataClass.swift */ = {isa = PBXFileReference; lastKnownFileType = sourcecode.swift; path = "CarCoreEntity+CoreDataClass.swift"; sourceTree = "<group>"; };
		1C3A987327C0271600D366DB /* CarCoreEntity+CoreDataProperties.swift */ = {isa = PBXFileReference; lastKnownFileType = sourcecode.swift; path = "CarCoreEntity+CoreDataProperties.swift"; sourceTree = "<group>"; };
		1C3A987427C0271600D366DB /* VehicleCoreEntity+CoreDataClass.swift */ = {isa = PBXFileReference; lastKnownFileType = sourcecode.swift; path = "VehicleCoreEntity+CoreDataClass.swift"; sourceTree = "<group>"; };
		1C3A987527C0271600D366DB /* VehicleCoreEntity+CoreDataProperties.swift */ = {isa = PBXFileReference; lastKnownFileType = sourcecode.swift; path = "VehicleCoreEntity+CoreDataProperties.swift"; sourceTree = "<group>"; };
		1C3A987627C0271600D366DB /* ParkingShiftCoreEntity+CoreDataClass.swift */ = {isa = PBXFileReference; lastKnownFileType = sourcecode.swift; path = "ParkingShiftCoreEntity+CoreDataClass.swift"; sourceTree = "<group>"; };
		1C3A987727C0271600D366DB /* ParkingShiftCoreEntity+CoreDataProperties.swift */ = {isa = PBXFileReference; lastKnownFileType = sourcecode.swift; path = "ParkingShiftCoreEntity+CoreDataProperties.swift"; sourceTree = "<group>"; };
		1C4E68C227B1683300C19DF8 /* VehicleParkingShiftTranslator.swift */ = {isa = PBXFileReference; lastKnownFileType = sourcecode.swift; path = VehicleParkingShiftTranslator.swift; sourceTree = "<group>"; };
		1C4E68C427B1687900C19DF8 /* CarParkingShiftTranslator.swift */ = {isa = PBXFileReference; lastKnownFileType = sourcecode.swift; path = CarParkingShiftTranslator.swift; sourceTree = "<group>"; };
		1C4E68C627B1688600C19DF8 /* MotorcycleParkingShiftTranslator.swift */ = {isa = PBXFileReference; lastKnownFileType = sourcecode.swift; path = MotorcycleParkingShiftTranslator.swift; sourceTree = "<group>"; };
		1C4E68DC27B16D1200C19DF8 /* InfrastructureErrors.swift */ = {isa = PBXFileReference; lastKnownFileType = sourcecode.swift; path = InfrastructureErrors.swift; sourceTree = "<group>"; };
		1C50198C27B421CF00554DF4 /* CarParkingCoreDataRepository.swift */ = {isa = PBXFileReference; lastKnownFileType = sourcecode.swift; path = CarParkingCoreDataRepository.swift; sourceTree = "<group>"; };
		1C50198E27B4220B00554DF4 /* MotorcycleParkingCoreDataRepository.swift */ = {isa = PBXFileReference; lastKnownFileType = sourcecode.swift; path = MotorcycleParkingCoreDataRepository.swift; sourceTree = "<group>"; };
		1C50199027B4238800554DF4 /* ParkingCoreDataRepository.swift */ = {isa = PBXFileReference; lastKnownFileType = sourcecode.swift; path = ParkingCoreDataRepository.swift; sourceTree = "<group>"; };
		1DB1A0F400910B9BB3770D96 /* Pods-Infrastructure.debug.xcconfig */ = {isa = PBXFileReference; includeInIndex = 1; lastKnownFileType = text.xcconfig; name = "Pods-Infrastructure.debug.xcconfig"; path = "Target Support Files/Pods-Infrastructure/Pods-Infrastructure.debug.xcconfig"; sourceTree = "<group>"; };
		4EA1BD799C3751CDA413BE51 /* Pods-Infrastructure.release.xcconfig */ = {isa = PBXFileReference; includeInIndex = 1; lastKnownFileType = text.xcconfig; name = "Pods-Infrastructure.release.xcconfig"; path = "Target Support Files/Pods-Infrastructure/Pods-Infrastructure.release.xcconfig"; sourceTree = "<group>"; };
		91E7CFD12CA02CDC8E28B09E /* Pods_Infrastructure.framework */ = {isa = PBXFileReference; explicitFileType = wrapper.framework; includeInIndex = 0; path = Pods_Infrastructure.framework; sourceTree = BUILT_PRODUCTS_DIR; };
/* End PBXFileReference section */

/* Begin PBXFrameworksBuildPhase section */
		1C2CF1FD27ADCAD2002C37C4 /* Frameworks */ = {
			isa = PBXFrameworksBuildPhase;
			buildActionMask = 2147483647;
			files = (
				1C3A983A27C011C500D366DB /* Domain.framework in Frameworks */,
				300BE8AB2CBB3924704328A4 /* Pods_Infrastructure.framework in Frameworks */,
			);
			runOnlyForDeploymentPostprocessing = 0;
		};
/* End PBXFrameworksBuildPhase section */

/* Begin PBXGroup section */
		1C2CF1F627ADCAD2002C37C4 = {
			isa = PBXGroup;
			children = (
				1C2CF20227ADCAD2002C37C4 /* Infrastructure */,
				1C2CF20127ADCAD2002C37C4 /* Products */,
				1C2CF20A27ADCAEA002C37C4 /* Frameworks */,
				E76E6D88245FD562C7A4C685 /* Pods */,
			);
			sourceTree = "<group>";
		};
		1C2CF20127ADCAD2002C37C4 /* Products */ = {
			isa = PBXGroup;
			children = (
				1C2CF20027ADCAD2002C37C4 /* Infrastructure.framework */,
			);
			name = Products;
			sourceTree = "<group>";
		};
		1C2CF20227ADCAD2002C37C4 /* Infrastructure */ = {
			isa = PBXGroup;
			children = (
				1C2CF20327ADCAD2002C37C4 /* Infrastructure.h */,
				1C2CF22727ADCF00002C37C4 /* CoreDataManager.swift */,
				1C3A983227C010A800D366DB /* ParkingCoreData.xcdatamodeld */,
				1C4E68C127B167FE00C19DF8 /* Anticorruption */,
				1C2CF21227ADCE30002C37C4 /* Entity */,
				1C4E68DE27B16D3300C19DF8 /* Exception */,
				1C4E68C027B1673300C19DF8 /* Repository */,
			);
			path = Infrastructure;
			sourceTree = "<group>";
		};
		1C2CF20A27ADCAEA002C37C4 /* Frameworks */ = {
			isa = PBXGroup;
			children = (
				1C3A983927C011C500D366DB /* Domain.framework */,
				1C2CF20B27ADCAEA002C37C4 /* Domain.framework */,
				91E7CFD12CA02CDC8E28B09E /* Pods_Infrastructure.framework */,
			);
			name = Frameworks;
			sourceTree = "<group>";
		};
		1C2CF21227ADCE30002C37C4 /* Entity */ = {
			isa = PBXGroup;
			children = (
				1C3A987027C0271600D366DB /* MotorcycleCoreEntity+CoreDataClass.swift */,
				1C3A987127C0271600D366DB /* MotorcycleCoreEntity+CoreDataProperties.swift */,
				1C3A987227C0271600D366DB /* CarCoreEntity+CoreDataClass.swift */,
				1C3A987327C0271600D366DB /* CarCoreEntity+CoreDataProperties.swift */,
				1C3A987427C0271600D366DB /* VehicleCoreEntity+CoreDataClass.swift */,
				1C3A987527C0271600D366DB /* VehicleCoreEntity+CoreDataProperties.swift */,
				1C3A987627C0271600D366DB /* ParkingShiftCoreEntity+CoreDataClass.swift */,
				1C3A987727C0271600D366DB /* ParkingShiftCoreEntity+CoreDataProperties.swift */,
			);
			path = Entity;
			sourceTree = "<group>";
		};
		1C4E68C027B1673300C19DF8 /* Repository */ = {
			isa = PBXGroup;
			children = (
				1C50199027B4238800554DF4 /* ParkingCoreDataRepository.swift */,
				1C50198C27B421CF00554DF4 /* CarParkingCoreDataRepository.swift */,
				1C50198E27B4220B00554DF4 /* MotorcycleParkingCoreDataRepository.swift */,
			);
			path = Repository;
			sourceTree = "<group>";
		};
		1C4E68C127B167FE00C19DF8 /* Anticorruption */ = {
			isa = PBXGroup;
			children = (
				1C4E68C227B1683300C19DF8 /* VehicleParkingShiftTranslator.swift */,
				1C4E68C427B1687900C19DF8 /* CarParkingShiftTranslator.swift */,
				1C4E68C627B1688600C19DF8 /* MotorcycleParkingShiftTranslator.swift */,
			);
			path = Anticorruption;
			sourceTree = "<group>";
		};
		1C4E68DE27B16D3300C19DF8 /* Exception */ = {
			isa = PBXGroup;
			children = (
				1C4E68DC27B16D1200C19DF8 /* InfrastructureErrors.swift */,
			);
			path = Exception;
			sourceTree = "<group>";
		};
		E76E6D88245FD562C7A4C685 /* Pods */ = {
			isa = PBXGroup;
			children = (
				1DB1A0F400910B9BB3770D96 /* Pods-Infrastructure.debug.xcconfig */,
				4EA1BD799C3751CDA413BE51 /* Pods-Infrastructure.release.xcconfig */,
			);
			name = Pods;
			path = ../Pods;
			sourceTree = "<group>";
		};
/* End PBXGroup section */

/* Begin PBXHeadersBuildPhase section */
		1C2CF1FB27ADCAD2002C37C4 /* Headers */ = {
			isa = PBXHeadersBuildPhase;
			buildActionMask = 2147483647;
			files = (
				1C2CF20427ADCAD2002C37C4 /* Infrastructure.h in Headers */,
			);
			runOnlyForDeploymentPostprocessing = 0;
		};
/* End PBXHeadersBuildPhase section */

/* Begin PBXNativeTarget section */
		1C2CF1FF27ADCAD2002C37C4 /* Infrastructure */ = {
			isa = PBXNativeTarget;
			buildConfigurationList = 1C2CF20727ADCAD2002C37C4 /* Build configuration list for PBXNativeTarget "Infrastructure" */;
			buildPhases = (
				D07D520235AE42C6674CB07A /* [CP] Check Pods Manifest.lock */,
				1C2CF1FB27ADCAD2002C37C4 /* Headers */,
				1C2CF1FC27ADCAD2002C37C4 /* Sources */,
				1C2CF1FD27ADCAD2002C37C4 /* Frameworks */,
				1C2CF1FE27ADCAD2002C37C4 /* Resources */,
				1C3A983C27C011C500D366DB /* Embed Frameworks */,
			);
			buildRules = (
			);
			dependencies = (
			);
			name = Infrastructure;
			productName = Infrastructure;
			productReference = 1C2CF20027ADCAD2002C37C4 /* Infrastructure.framework */;
			productType = "com.apple.product-type.framework";
		};
/* End PBXNativeTarget section */

/* Begin PBXProject section */
		1C2CF1F727ADCAD2002C37C4 /* Project object */ = {
			isa = PBXProject;
			attributes = {
				BuildIndependentTargetsInParallel = 1;
				LastUpgradeCheck = 1320;
				TargetAttributes = {
					1C2CF1FF27ADCAD2002C37C4 = {
						CreatedOnToolsVersion = 13.2.1;
						LastSwiftMigration = 1320;
					};
				};
			};
			buildConfigurationList = 1C2CF1FA27ADCAD2002C37C4 /* Build configuration list for PBXProject "Infrastructure" */;
			compatibilityVersion = "Xcode 13.0";
			developmentRegion = en;
			hasScannedForEncodings = 0;
			knownRegions = (
				en,
				Base,
			);
			mainGroup = 1C2CF1F627ADCAD2002C37C4;
			productRefGroup = 1C2CF20127ADCAD2002C37C4 /* Products */;
			projectDirPath = "";
			projectRoot = "";
			targets = (
				1C2CF1FF27ADCAD2002C37C4 /* Infrastructure */,
			);
		};
/* End PBXProject section */

/* Begin PBXResourcesBuildPhase section */
		1C2CF1FE27ADCAD2002C37C4 /* Resources */ = {
			isa = PBXResourcesBuildPhase;
			buildActionMask = 2147483647;
			files = (
			);
			runOnlyForDeploymentPostprocessing = 0;
		};
/* End PBXResourcesBuildPhase section */

/* Begin PBXShellScriptBuildPhase section */
		D07D520235AE42C6674CB07A /* [CP] Check Pods Manifest.lock */ = {
			isa = PBXShellScriptBuildPhase;
			buildActionMask = 2147483647;
			files = (
			);
			inputFileListPaths = (
			);
			inputPaths = (
				"${PODS_PODFILE_DIR_PATH}/Podfile.lock",
				"${PODS_ROOT}/Manifest.lock",
			);
			name = "[CP] Check Pods Manifest.lock";
			outputFileListPaths = (
			);
			outputPaths = (
				"$(DERIVED_FILE_DIR)/Pods-Infrastructure-checkManifestLockResult.txt",
			);
			runOnlyForDeploymentPostprocessing = 0;
			shellPath = /bin/sh;
			shellScript = "diff \"${PODS_PODFILE_DIR_PATH}/Podfile.lock\" \"${PODS_ROOT}/Manifest.lock\" > /dev/null\nif [ $? != 0 ] ; then\n    # print error to STDERR\n    echo \"error: The sandbox is not in sync with the Podfile.lock. Run 'pod install' or update your CocoaPods installation.\" >&2\n    exit 1\nfi\n# This output is used by Xcode 'outputs' to avoid re-running this script phase.\necho \"SUCCESS\" > \"${SCRIPT_OUTPUT_FILE_0}\"\n";
			showEnvVarsInLog = 0;
		};
/* End PBXShellScriptBuildPhase section */

/* Begin PBXSourcesBuildPhase section */
		1C2CF1FC27ADCAD2002C37C4 /* Sources */ = {
			isa = PBXSourcesBuildPhase;
			buildActionMask = 2147483647;
			files = (
				1C4E68C727B1688600C19DF8 /* MotorcycleParkingShiftTranslator.swift in Sources */,
				1C3A987F27C0271600D366DB /* ParkingShiftCoreEntity+CoreDataProperties.swift in Sources */,
				1C4E68C327B1683300C19DF8 /* VehicleParkingShiftTranslator.swift in Sources */,
				1C3A987B27C0271600D366DB /* CarCoreEntity+CoreDataProperties.swift in Sources */,
				1C3A987927C0271600D366DB /* MotorcycleCoreEntity+CoreDataProperties.swift in Sources */,
				1C50198F27B4220B00554DF4 /* MotorcycleParkingCoreDataRepository.swift in Sources */,
				1C3A987C27C0271600D366DB /* VehicleCoreEntity+CoreDataClass.swift in Sources */,
				1C3A987E27C0271600D366DB /* ParkingShiftCoreEntity+CoreDataClass.swift in Sources */,
				1C3A987D27C0271600D366DB /* VehicleCoreEntity+CoreDataProperties.swift in Sources */,
				1C2CF22827ADCF00002C37C4 /* CoreDataManager.swift in Sources */,
				1C3A983427C010A800D366DB /* ParkingCoreData.xcdatamodeld in Sources */,
				1C4E68DD27B16D1200C19DF8 /* InfrastructureErrors.swift in Sources */,
				1C50199127B4238800554DF4 /* ParkingCoreDataRepository.swift in Sources */,
				1C3A987A27C0271600D366DB /* CarCoreEntity+CoreDataClass.swift in Sources */,
				1C4E68C527B1687900C19DF8 /* CarParkingShiftTranslator.swift in Sources */,
				1C3A987827C0271600D366DB /* MotorcycleCoreEntity+CoreDataClass.swift in Sources */,
				1C50198D27B421CF00554DF4 /* CarParkingCoreDataRepository.swift in Sources */,
			);
			runOnlyForDeploymentPostprocessing = 0;
		};
/* End PBXSourcesBuildPhase section */

/* Begin XCBuildConfiguration section */
		1C2CF20527ADCAD2002C37C4 /* Debug */ = {
			isa = XCBuildConfiguration;
			buildSettings = {
				ALWAYS_SEARCH_USER_PATHS = NO;
				CLANG_ANALYZER_NONNULL = YES;
				CLANG_ANALYZER_NUMBER_OBJECT_CONVERSION = YES_AGGRESSIVE;
				CLANG_CXX_LANGUAGE_STANDARD = "gnu++17";
				CLANG_CXX_LIBRARY = "libc++";
				CLANG_ENABLE_MODULES = YES;
				CLANG_ENABLE_OBJC_ARC = YES;
				CLANG_ENABLE_OBJC_WEAK = YES;
				CLANG_WARN_BLOCK_CAPTURE_AUTORELEASING = YES;
				CLANG_WARN_BOOL_CONVERSION = YES;
				CLANG_WARN_COMMA = YES;
				CLANG_WARN_CONSTANT_CONVERSION = YES;
				CLANG_WARN_DEPRECATED_OBJC_IMPLEMENTATIONS = YES;
				CLANG_WARN_DIRECT_OBJC_ISA_USAGE = YES_ERROR;
				CLANG_WARN_DOCUMENTATION_COMMENTS = YES;
				CLANG_WARN_EMPTY_BODY = YES;
				CLANG_WARN_ENUM_CONVERSION = YES;
				CLANG_WARN_INFINITE_RECURSION = YES;
				CLANG_WARN_INT_CONVERSION = YES;
				CLANG_WARN_NON_LITERAL_NULL_CONVERSION = YES;
				CLANG_WARN_OBJC_IMPLICIT_RETAIN_SELF = YES;
				CLANG_WARN_OBJC_LITERAL_CONVERSION = YES;
				CLANG_WARN_OBJC_ROOT_CLASS = YES_ERROR;
				CLANG_WARN_QUOTED_INCLUDE_IN_FRAMEWORK_HEADER = YES;
				CLANG_WARN_RANGE_LOOP_ANALYSIS = YES;
				CLANG_WARN_STRICT_PROTOTYPES = YES;
				CLANG_WARN_SUSPICIOUS_MOVE = YES;
				CLANG_WARN_UNGUARDED_AVAILABILITY = YES_AGGRESSIVE;
				CLANG_WARN_UNREACHABLE_CODE = YES;
				CLANG_WARN__DUPLICATE_METHOD_MATCH = YES;
				COPY_PHASE_STRIP = NO;
				CURRENT_PROJECT_VERSION = 1;
				DEBUG_INFORMATION_FORMAT = dwarf;
				ENABLE_STRICT_OBJC_MSGSEND = YES;
				ENABLE_TESTABILITY = YES;
				GCC_C_LANGUAGE_STANDARD = gnu11;
				GCC_DYNAMIC_NO_PIC = NO;
				GCC_NO_COMMON_BLOCKS = YES;
				GCC_OPTIMIZATION_LEVEL = 0;
				GCC_PREPROCESSOR_DEFINITIONS = (
					"DEBUG=1",
					"$(inherited)",
				);
				GCC_WARN_64_TO_32_BIT_CONVERSION = YES;
				GCC_WARN_ABOUT_RETURN_TYPE = YES_ERROR;
				GCC_WARN_UNDECLARED_SELECTOR = YES;
				GCC_WARN_UNINITIALIZED_AUTOS = YES_AGGRESSIVE;
				GCC_WARN_UNUSED_FUNCTION = YES;
				GCC_WARN_UNUSED_VARIABLE = YES;
				IPHONEOS_DEPLOYMENT_TARGET = 15.2;
				MTL_ENABLE_DEBUG_INFO = INCLUDE_SOURCE;
				MTL_FAST_MATH = YES;
				ONLY_ACTIVE_ARCH = YES;
				SDKROOT = iphoneos;
				SWIFT_ACTIVE_COMPILATION_CONDITIONS = DEBUG;
				SWIFT_OPTIMIZATION_LEVEL = "-Onone";
				VERSIONING_SYSTEM = "apple-generic";
				VERSION_INFO_PREFIX = "";
			};
			name = Debug;
		};
		1C2CF20627ADCAD2002C37C4 /* Release */ = {
			isa = XCBuildConfiguration;
			buildSettings = {
				ALWAYS_SEARCH_USER_PATHS = NO;
				CLANG_ANALYZER_NONNULL = YES;
				CLANG_ANALYZER_NUMBER_OBJECT_CONVERSION = YES_AGGRESSIVE;
				CLANG_CXX_LANGUAGE_STANDARD = "gnu++17";
				CLANG_CXX_LIBRARY = "libc++";
				CLANG_ENABLE_MODULES = YES;
				CLANG_ENABLE_OBJC_ARC = YES;
				CLANG_ENABLE_OBJC_WEAK = YES;
				CLANG_WARN_BLOCK_CAPTURE_AUTORELEASING = YES;
				CLANG_WARN_BOOL_CONVERSION = YES;
				CLANG_WARN_COMMA = YES;
				CLANG_WARN_CONSTANT_CONVERSION = YES;
				CLANG_WARN_DEPRECATED_OBJC_IMPLEMENTATIONS = YES;
				CLANG_WARN_DIRECT_OBJC_ISA_USAGE = YES_ERROR;
				CLANG_WARN_DOCUMENTATION_COMMENTS = YES;
				CLANG_WARN_EMPTY_BODY = YES;
				CLANG_WARN_ENUM_CONVERSION = YES;
				CLANG_WARN_INFINITE_RECURSION = YES;
				CLANG_WARN_INT_CONVERSION = YES;
				CLANG_WARN_NON_LITERAL_NULL_CONVERSION = YES;
				CLANG_WARN_OBJC_IMPLICIT_RETAIN_SELF = YES;
				CLANG_WARN_OBJC_LITERAL_CONVERSION = YES;
				CLANG_WARN_OBJC_ROOT_CLASS = YES_ERROR;
				CLANG_WARN_QUOTED_INCLUDE_IN_FRAMEWORK_HEADER = YES;
				CLANG_WARN_RANGE_LOOP_ANALYSIS = YES;
				CLANG_WARN_STRICT_PROTOTYPES = YES;
				CLANG_WARN_SUSPICIOUS_MOVE = YES;
				CLANG_WARN_UNGUARDED_AVAILABILITY = YES_AGGRESSIVE;
				CLANG_WARN_UNREACHABLE_CODE = YES;
				CLANG_WARN__DUPLICATE_METHOD_MATCH = YES;
				COPY_PHASE_STRIP = NO;
				CURRENT_PROJECT_VERSION = 1;
				DEBUG_INFORMATION_FORMAT = "dwarf-with-dsym";
				ENABLE_NS_ASSERTIONS = NO;
				ENABLE_STRICT_OBJC_MSGSEND = YES;
				GCC_C_LANGUAGE_STANDARD = gnu11;
				GCC_NO_COMMON_BLOCKS = YES;
				GCC_WARN_64_TO_32_BIT_CONVERSION = YES;
				GCC_WARN_ABOUT_RETURN_TYPE = YES_ERROR;
				GCC_WARN_UNDECLARED_SELECTOR = YES;
				GCC_WARN_UNINITIALIZED_AUTOS = YES_AGGRESSIVE;
				GCC_WARN_UNUSED_FUNCTION = YES;
				GCC_WARN_UNUSED_VARIABLE = YES;
				IPHONEOS_DEPLOYMENT_TARGET = 15.2;
				MTL_ENABLE_DEBUG_INFO = NO;
				MTL_FAST_MATH = YES;
				SDKROOT = iphoneos;
				SWIFT_COMPILATION_MODE = wholemodule;
				SWIFT_OPTIMIZATION_LEVEL = "-O";
				VALIDATE_PRODUCT = YES;
				VERSIONING_SYSTEM = "apple-generic";
				VERSION_INFO_PREFIX = "";
			};
			name = Release;
		};
		1C2CF20827ADCAD2002C37C4 /* Debug */ = {
			isa = XCBuildConfiguration;
			baseConfigurationReference = 1DB1A0F400910B9BB3770D96 /* Pods-Infrastructure.debug.xcconfig */;
			buildSettings = {
				CLANG_ENABLE_MODULES = YES;
				CODE_SIGN_STYLE = Automatic;
				CURRENT_PROJECT_VERSION = 1;
				DEFINES_MODULE = YES;
				DEVELOPMENT_TEAM = DFSRC4568F;
				DYLIB_COMPATIBILITY_VERSION = 1;
				DYLIB_CURRENT_VERSION = 1;
				DYLIB_INSTALL_NAME_BASE = "@rpath";
				GENERATE_INFOPLIST_FILE = YES;
				INFOPLIST_KEY_NSHumanReadableCopyright = "";
				INSTALL_PATH = "$(LOCAL_LIBRARY_DIR)/Frameworks";
				IPHONEOS_DEPLOYMENT_TARGET = 15.2;
				LD_RUNPATH_SEARCH_PATHS = (
					"$(inherited)",
					"@executable_path/Frameworks",
					"@loader_path/Frameworks",
				);
				MARKETING_VERSION = 1.0;
				PRODUCT_BUNDLE_IDENTIFIER = Ceiba.Infrastructure;
				PRODUCT_NAME = "$(TARGET_NAME:c99extidentifier)";
				SKIP_INSTALL = YES;
				SWIFT_EMIT_LOC_STRINGS = YES;
				SWIFT_OPTIMIZATION_LEVEL = "-Onone";
				SWIFT_VERSION = 5.0;
				TARGETED_DEVICE_FAMILY = "1,2";
			};
			name = Debug;
		};
		1C2CF20927ADCAD2002C37C4 /* Release */ = {
			isa = XCBuildConfiguration;
			baseConfigurationReference = 4EA1BD799C3751CDA413BE51 /* Pods-Infrastructure.release.xcconfig */;
			buildSettings = {
				CLANG_ENABLE_MODULES = YES;
				CODE_SIGN_STYLE = Automatic;
				CURRENT_PROJECT_VERSION = 1;
				DEFINES_MODULE = YES;
				DEVELOPMENT_TEAM = DFSRC4568F;
				DYLIB_COMPATIBILITY_VERSION = 1;
				DYLIB_CURRENT_VERSION = 1;
				DYLIB_INSTALL_NAME_BASE = "@rpath";
				GENERATE_INFOPLIST_FILE = YES;
				INFOPLIST_KEY_NSHumanReadableCopyright = "";
				INSTALL_PATH = "$(LOCAL_LIBRARY_DIR)/Frameworks";
				IPHONEOS_DEPLOYMENT_TARGET = 15.2;
				LD_RUNPATH_SEARCH_PATHS = (
					"$(inherited)",
					"@executable_path/Frameworks",
					"@loader_path/Frameworks",
				);
				MARKETING_VERSION = 1.0;
				PRODUCT_BUNDLE_IDENTIFIER = Ceiba.Infrastructure;
				PRODUCT_NAME = "$(TARGET_NAME:c99extidentifier)";
				SKIP_INSTALL = YES;
				SWIFT_EMIT_LOC_STRINGS = YES;
				SWIFT_VERSION = 5.0;
				TARGETED_DEVICE_FAMILY = "1,2";
			};
			name = Release;
		};
/* End XCBuildConfiguration section */

/* Begin XCConfigurationList section */
		1C2CF1FA27ADCAD2002C37C4 /* Build configuration list for PBXProject "Infrastructure" */ = {
			isa = XCConfigurationList;
			buildConfigurations = (
				1C2CF20527ADCAD2002C37C4 /* Debug */,
				1C2CF20627ADCAD2002C37C4 /* Release */,
			);
			defaultConfigurationIsVisible = 0;
			defaultConfigurationName = Release;
		};
		1C2CF20727ADCAD2002C37C4 /* Build configuration list for PBXNativeTarget "Infrastructure" */ = {
			isa = XCConfigurationList;
			buildConfigurations = (
				1C2CF20827ADCAD2002C37C4 /* Debug */,
				1C2CF20927ADCAD2002C37C4 /* Release */,
			);
			defaultConfigurationIsVisible = 0;
			defaultConfigurationName = Release;
		};
/* End XCConfigurationList section */

/* Begin XCVersionGroup section */
		1C3A983227C010A800D366DB /* ParkingCoreData.xcdatamodeld */ = {
			isa = XCVersionGroup;
			children = (
				1C3A983327C010A800D366DB /* ParkingCoreData.xcdatamodel */,
			);
			currentVersion = 1C3A983327C010A800D366DB /* ParkingCoreData.xcdatamodel */;
			path = ParkingCoreData.xcdatamodeld;
			sourceTree = "<group>";
			versionGroupType = wrapper.xcdatamodel;
		};
/* End XCVersionGroup section */
	};
	rootObject = 1C2CF1F727ADCAD2002C37C4 /* Project object */;
}
